
Microsoft Visual Studio Solution File, Format Version 12.00
# Visual Studio Version 17
VisualStudioVersion = 17.9.34616.47
MinimumVisualStudioVersion = 10.0.40219.1
Project("{FAE04EC0-301F-11D3-BF4B-00C04F79EFBC}") = "SqlTools", "SqlTools\SqlTools.csproj", "{4E93E1A7-A7E0-4890-A8C4-D7FD6688183F}"
EndProject
Project("{2150E333-8FDC-42A3-9474-1A3956D46DE8}") = "Solution Items", "Solution Items", "{1F8D69EA-795E-46F5-B126-92BA02F2FC82}"
	ProjectSection(SolutionItems) = preProject
		publishManifest.json = publishManifest.json
		README.md = README.md
		LICENSE.md = LICENSE.md
		.gitignore = .gitignore
		.env = .env
		.gitattributes = .gitattributes
		.secrets = .secrets
		default.env = default.env
		default.secrets = default.secrets
	EndProjectSection
EndProject
Global
	GlobalSection(SolutionConfigurationPlatforms) = preSolution
		Debug|Any CPU = Debug|Any CPU
		Debug|arm64 = Debug|arm64
		Debug|x86 = Debug|x86
		Release|Any CPU = Release|Any CPU
		Release|arm64 = Release|arm64
		Release|x86 = Release|x86
	EndGlobalSection
	GlobalSection(ProjectConfigurationPlatforms) = postSolution
		{4E93E1A7-A7E0-4890-A8C4-D7FD6688183F}.Debug|Any CPU.ActiveCfg = Debug|Any CPU
		{4E93E1A7-A7E0-4890-A8C4-D7FD6688183F}.Debug|Any CPU.Build.0 = Debug|Any CPU
		{4E93E1A7-A7E0-4890-A8C4-D7FD6688183F}.Debug|arm64.ActiveCfg = Debug|arm64
		{4E93E1A7-A7E0-4890-A8C4-D7FD6688183F}.Debug|arm64.Build.0 = Debug|arm64
		{4E93E1A7-A7E0-4890-A8C4-D7FD6688183F}.Debug|x86.ActiveCfg = Debug|x86
		{4E93E1A7-A7E0-4890-A8C4-D7FD6688183F}.Debug|x86.Build.0 = Debug|x86
		{4E93E1A7-A7E0-4890-A8C4-D7FD6688183F}.Release|Any CPU.ActiveCfg = Release|Any CPU
		{4E93E1A7-A7E0-4890-A8C4-D7FD6688183F}.Release|Any CPU.Build.0 = Release|Any CPU
		{4E93E1A7-A7E0-4890-A8C4-D7FD6688183F}.Release|arm64.ActiveCfg = Release|arm64
		{4E93E1A7-A7E0-4890-A8C4-D7FD6688183F}.Release|arm64.Build.0 = Release|arm64
		{4E93E1A7-A7E0-4890-A8C4-D7FD6688183F}.Release|x86.ActiveCfg = Release|x86
		{4E93E1A7-A7E0-4890-A8C4-D7FD6688183F}.Release|x86.Build.0 = Release|x86
	EndGlobalSection
	GlobalSection(SolutionProperties) = preSolution
		HideSolutionNode = FALSE
	EndGlobalSection
	GlobalSection(ExtensibilityGlobals) = postSolution
		SolutionGuid = {BB6C04E2-C7B7-4F49-8C4F-B4094748710B}
	EndGlobalSection
EndGlobal
